
Microsoft Visual Studio Solution File, Format Version 12.00
# Visual Studio Version 17
VisualStudioVersion = 17.14.36221.1 d17.14
MinimumVisualStudioVersion = 10.0.40219.1
Project("{FAE04EC0-301F-11D3-BF4B-00C04F79EFBC}") = "book-backend", "BookBackend\book-backend.csproj", "{5CEBB23A-BFE1-465D-AF8B-3A21764B88F7}"
EndProject
Project("{FAE04EC0-301F-11D3-BF4B-00C04F79EFBC}") = "book-frontend", "BookFrontend\book-frontend.csproj", "{75516BBE-B00F-4F56-A689-620CE5A68934}"
EndProject
Global
	GlobalSection(SolutionConfigurationPlatforms) = preSolution
		Debug|Any CPU = Debug|Any CPU
		Release|Any CPU = Release|Any CPU
	EndGlobalSection
	GlobalSection(ProjectConfigurationPlatforms) = postSolution
		{5CEBB23A-BFE1-465D-AF8B-3A21764B88F7}.Debug|Any CPU.ActiveCfg = Debug|Any CPU
		{5CEBB23A-BFE1-465D-AF8B-3A21764B88F7}.Debug|Any CPU.Build.0 = Debug|Any CPU
		{5CEBB23A-BFE1-465D-AF8B-3A21764B88F7}.Release|Any CPU.ActiveCfg = Release|Any CPU
		{5CEBB23A-BFE1-465D-AF8B-3A21764B88F7}.Release|Any CPU.Build.0 = Release|Any CPU
		{75516BBE-B00F-4F56-A689-620CE5A68934}.Debug|Any CPU.ActiveCfg = Debug|Any CPU
		{75516BBE-B00F-4F56-A689-620CE5A68934}.Debug|Any CPU.Build.0 = Debug|Any CPU
		{75516BBE-B00F-4F56-A689-620CE5A68934}.Release|Any CPU.ActiveCfg = Release|Any CPU
		{75516BBE-B00F-4F56-A689-620CE5A68934}.Release|Any CPU.Build.0 = Release|Any CPU
	EndGlobalSection
	GlobalSection(SolutionProperties) = preSolution
		HideSolutionNode = FALSE
	EndGlobalSection
	GlobalSection(ExtensibilityGlobals) = postSolution
		SolutionGuid = {7B53A6DD-6706-4CE9-89E9-2AC744893A07}
	EndGlobalSection
EndGlobal
